# THIS IS AN AUTOGENERATED FILE. DO NOT EDIT THIS FILE DIRECTLY.
# yarn lockfile v1


"@fontsource/noto-sans@5.0.5":
  version "5.0.5"
  resolved "https://registry.yarnpkg.com/@fontsource/noto-sans/-/noto-sans-5.0.5.tgz#8efc718f05f99ee35d93cb351a916274955fd6cc"
  integrity sha512-B2dxfFq1CTw2BeajXxL+1J7W6/W8vbH3N+c4vAAVrSTwMnKT2/5lWFFHPYqCJeQTJR8RYSuunTfTY2OiV9yCBg==

"@fontsource/roboto@5.0.5":
  version "5.0.5"
  resolved "https://registry.yarnpkg.com/@fontsource/roboto/-/roboto-5.0.5.tgz#56e4b2af0d684d6e33e311f307adb958fcf8eabd"
  integrity sha512-IMXFq5AMgGx0sgNLfwWsmPuy3qa7lmDmQcXXihqwF4mT2UpD725cbxZj93ERY793OWon+6V1ANax02I3nt9+4w==

"@fortawesome/fontawesome-free@6.4.0":
  version "6.4.0"
  resolved "https://registry.yarnpkg.com/@fortawesome/fontawesome-free/-/fontawesome-free-6.4.0.tgz#1ee0c174e472c84b23cb46c995154dc383e3b4fe"
  integrity sha512-0NyytTlPJwB/BF5LtRV8rrABDbe3TdTXqNB3PdZ+UUUZAEIrdOJdmABqKjt4AXwIoJNaRVVZEXxpNrqvE1GAYQ==

yaqrcode@^0.2.1:
  version "0.2.1"
  resolved "https://registry.yarnpkg.com/yaqrcode/-/yaqrcode-0.2.1.tgz#ef1cb3320349f6b3bb31cb680a37a8b814bd8ad7"
  integrity sha512-J7VoOePCNP//W6ImhDAOPxZO55u7xgt0s7dJkhlKTzbRAZX9MNljOsBOR4Xghoh9BsXww6tKZNW9VZuSnUSicA==
