# THIS IS AN AUTOGENERATED FILE. DO NOT EDIT THIS FILE DIRECTLY.
# yarn lockfile v1


notosans@^4.0.1:
  version "4.0.1"
  resolved "https://registry.yarnpkg.com/notosans/-/notosans-4.0.1.tgz#22859d3f39928cc8ea90ca18823cfa9ece6869df"
  integrity sha512-SP0utk4pyh8KHGANQw0xbnESBz47hlZabhAls798IPRHKwpn3xyxOMzz8A6xSU8b1smnLKIOXHG19lBeKFXTKQ==
